
Microsoft Visual Studio Solution File, Format Version 12.00
# Visual Studio 14
VisualStudioVersion = 14.0.24720.0
MinimumVisualStudioVersion = 10.0.40219.1
Project("{FAE04EC0-301F-11D3-BF4B-00C04F79EFBC}") = "AbstractFactory.Console", "AbstractFactory.Console\AbstractFactory.Console.csproj", "{5DE6280D-9E7D-4D4F-A041-04983258CA0F}"
EndProject
Project("{2150E333-8FDC-42A3-9474-1A3956D46DE8}") = "01 abstract factory pattern", "01 abstract factory pattern", "{C6E41B95-0D2A-4914-89AC-CC010F482177}"
EndProject
Project("{FAE04EC0-301F-11D3-BF4B-00C04F79EFBC}") = "AbstractFactory.ExternalDriver", "AbstractFactory.ExternalDriver\AbstractFactory.ExternalDriver.csproj", "{C8642867-9E2D-4E83-A06E-D24AA25A56C2}"
EndProject
Project("{FAE04EC0-301F-11D3-BF4B-00C04F79EFBC}") = "AbstractFactory.DriverFactory", "AbstractFactory.DriverFactory\AbstractFactory.DriverFactory.csproj", "{2917F3D8-289D-4C94-9C20-2BFC4AF55D18}"
EndProject
Project("{FAE04EC0-301F-11D3-BF4B-00C04F79EFBC}") = "AbstractFactory.InternalDriver", "AbstractFactory.InternalDriver\AbstractFactory.InternalDriver.csproj", "{F46EBADC-2E52-4984-B475-50C0305D8F25}"
EndProject
Project("{2150E333-8FDC-42A3-9474-1A3956D46DE8}") = "02 api consumer", "02 api consumer", "{C845BC98-45A7-4226-9E62-505F8DD39F41}"
EndProject
Project("{FAE04EC0-301F-11D3-BF4B-00C04F79EFBC}") = "APIConsumer", "APIConsumer\APIConsumer.csproj", "{DDDFE3AA-121E-4940-A3E4-B9FCE9AFA601}"
EndProject
Project("{2150E333-8FDC-42A3-9474-1A3956D46DE8}") = "03 universal winform framework", "03 universal winform framework", "{C6CEEA41-D415-47AC-A5FA-20D68213E3A8}"
EndProject
Project("{FAE04EC0-301F-11D3-BF4B-00C04F79EFBC}") = "UniversalWin.App", "UniversalWin.App\UniversalWin.App.csproj", "{4BD7F226-66DE-4F92-A71C-BD837A7B4F0E}"
EndProject
Project("{FAE04EC0-301F-11D3-BF4B-00C04F79EFBC}") = "UniversalWin.Framework", "UniversalWin.Framework\UniversalWin.Framework.csproj", "{A72E2166-392D-490D-943C-AAD304134E6A}"
EndProject
Project("{2150E333-8FDC-42A3-9474-1A3956D46DE8}") = "04 Taskflow winform framwork", "04 Taskflow winform framwork", "{A9BC054F-F25E-4DF8-B221-A76E34D02F59}"
EndProject
Project("{FAE04EC0-301F-11D3-BF4B-00C04F79EFBC}") = "BizTaskFramework", "BizTaskFramework\BizTaskFramework.csproj", "{F4BB7760-8EC6-49AD-924B-79EA168ED3F3}"
EndProject
Project("{2150E333-8FDC-42A3-9474-1A3956D46DE8}") = "05 BizCommand framework", "05 BizCommand framework", "{48464745-1FA9-4CFF-B41B-48BDC2A6AD5F}"
EndProject
Project("{FAE04EC0-301F-11D3-BF4B-00C04F79EFBC}") = "UniversalBizCommand", "UniversalBizCommand\UniversalBizCommand.csproj", "{284FCC3F-A182-4220-874A-4D8F3BFA508D}"
EndProject
Project("{2150E333-8FDC-42A3-9474-1A3956D46DE8}") = "06 Runner framework", "06 Runner framework", "{7C7B42CA-A918-4BE0-BDDD-D0EF29CFE403}"
EndProject
Project("{FAE04EC0-301F-11D3-BF4B-00C04F79EFBC}") = "MethodAggregate", "MethodAggregate\MethodAggregate.csproj", "{531EFC49-9FAB-4D4B-940B-837649D10DA4}"
EndProject
Project("{FAE04EC0-301F-11D3-BF4B-00C04F79EFBC}") = "ClassLibrary1", "ClassLibrary1\ClassLibrary1.csproj", "{850812EC-FDDA-431B-9114-A0F261B5AA07}"
EndProject
Project("{FAE04EC0-301F-11D3-BF4B-00C04F79EFBC}") = "ConsoleApplication1", "ConsoleApplication1\ConsoleApplication1.csproj", "{C083FCE9-6431-4E65-99F9-84D535BAF425}"
EndProject
Project("{2150E333-8FDC-42A3-9474-1A3956D46DE8}") = "07 WhatWeCanDoWithMoq", "07 WhatWeCanDoWithMoq", "{B34292DD-EB6D-48DB-907F-905E00C0212D}"
EndProject
Project("{FAE04EC0-301F-11D3-BF4B-00C04F79EFBC}") = "WhatWeCanDoWithMoq", "WhatWeCanDoWithMoq\WhatWeCanDoWithMoq.csproj", "{7D8CA88A-DE22-419B-BE0D-FCEBDE41354A}"
EndProject
Project("{2150E333-8FDC-42A3-9474-1A3956D46DE8}") = "08 NUnit + Autofac + Moq", "08 NUnit + Autofac + Moq", "{9E04EB9D-535D-4147-B2F6-B1C0E2963BC9}"
EndProject
Project("{FAE04EC0-301F-11D3-BF4B-00C04F79EFBC}") = "UnitTests", "UnitTests\UnitTests.csproj", "{646A15C2-425C-4C9D-80A2-C70B4CA6DD9A}"
EndProject
Project("{2150E333-8FDC-42A3-9474-1A3956D46DE8}") = ".nuget", ".nuget", "{9C583CF6-3DB8-48C9-98B2-DF2EE5819E20}"
	ProjectSection(SolutionItems) = preProject
		.nuget\packages.config = .nuget\packages.config
	EndProjectSection
EndProject
Project("{FAE04EC0-301F-11D3-BF4B-00C04F79EFBC}") = "Autofac.ConsoleApp", "Autofac.ConsoleApp\Autofac.ConsoleApp.csproj", "{3F778799-E42E-426E-8A62-EDAABD49CC75}"
EndProject
Project("{FAE04EC0-301F-11D3-BF4B-00C04F79EFBC}") = "AutofacWithMoq.ConsoleApp", "AutofacWithMoq.ConsoleApp\AutofacWithMoq.ConsoleApp.csproj", "{96084159-B516-4F3B-BE03-C8101602220C}"
EndProject
Project("{2150E333-8FDC-42A3-9474-1A3956D46DE8}") = "Autofac.LoadModule", "Autofac.LoadModule", "{5E9A7A9F-4097-441E-BE17-491D2D5495C2}"
EndProject
Project("{FAE04EC0-301F-11D3-BF4B-00C04F79EFBC}") = "ModuleA", "ModuleA\ModuleA.csproj", "{9E191254-48E3-4199-8C15-646365E13708}"
EndProject
Project("{FAE04EC0-301F-11D3-BF4B-00C04F79EFBC}") = "ModuleB", "ModuleB\ModuleB.csproj", "{A2C991FA-D3CA-458F-8783-1B11F82516BF}"
EndProject
Project("{FAE04EC0-301F-11D3-BF4B-00C04F79EFBC}") = "TestApp", "TestApp\TestApp.csproj", "{92312BC6-99A4-4A30-B598-68CDEA7D3570}"
EndProject
Project("{FAE04EC0-301F-11D3-BF4B-00C04F79EFBC}") = "DependencyService", "DependencyService\DependencyService.csproj", "{301DDA46-C003-4DAD-95EF-820158A47F6E}"
EndProject
Project("{2150E333-8FDC-42A3-9474-1A3956D46DE8}") = "10 To make your app loose coupling and test-able", "10 To make your app loose coupling and test-able", "{F1BB1A13-AD85-4E71-814B-5E44F2B4B7CC}"
EndProject
Project("{FAE04EC0-301F-11D3-BF4B-00C04F79EFBC}") = "AppDependentServices", "AppDependentServices\AppDependentServices.csproj", "{4E7E9C73-E470-4D0F-80AE-BC426324B5B2}"
EndProject
Project("{FAE04EC0-301F-11D3-BF4B-00C04F79EFBC}") = "CalculateServiceProvider", "CalculateServiceProvider\CalculateServiceProvider.csproj", "{76DE0522-B998-4DDB-9B65-71B2833DE1AE}"
EndProject
Project("{FAE04EC0-301F-11D3-BF4B-00C04F79EFBC}") = "NotifyServiceProvider", "NotifyServiceProvider\NotifyServiceProvider.csproj", "{C23498CB-C451-4C4E-8E18-A6C65C8AE1F8}"
EndProject
Project("{FAE04EC0-301F-11D3-BF4B-00C04F79EFBC}") = "ConsoleApp", "ConsoleApp\ConsoleApp.csproj", "{E2550154-7531-4FDF-AE92-483FC9505FE0}"
EndProject
Project("{2150E333-8FDC-42A3-9474-1A3956D46DE8}") = "01 Services", "01 Services", "{02C56B5D-88C6-4E04-A4EC-7C070810AF44}"
EndProject
Project("{2150E333-8FDC-42A3-9474-1A3956D46DE8}") = "02 Providers", "02 Providers", "{8A968626-7124-477C-8839-9EBD7FAD7932}"
EndProject
Project("{FAE04EC0-301F-11D3-BF4B-00C04F79EFBC}") = "MEFConsoleExample", "MEFConsoleExample\MEFConsoleExample\MEFConsoleExample.csproj", "{2B176726-A9C0-440D-AF48-DE4F668A5CA2}"
EndProject
Project("{2150E333-8FDC-42A3-9474-1A3956D46DE8}") = "09 MEF", "09 MEF", "{C8E6F116-FC0B-4150-8C14-182E4C160EB2}"
EndProject
Project("{FAE04EC0-301F-11D3-BF4B-00C04F79EFBC}") = "WindowsFormsApplication1", "CommonAsyncComponent\WindowsFormsApplication1\WindowsFormsApplication1.csproj", "{A134B442-1AB1-4122-800E-35D18C37E699}"
EndProject
Project("{2150E333-8FDC-42A3-9474-1A3956D46DE8}") = "11 Common Async Component", "11 Common Async Component", "{C5152AFD-D243-48B7-89D3-F0632ACCD2B6}"
EndProject
Project("{FAE04EC0-301F-11D3-BF4B-00C04F79EFBC}") = "Sparkling.Component.Async", "CommonAsyncComponent\Sparkling.Component.Async\Sparkling.Component.Async.csproj", "{044E646C-A099-4015-B8E9-1DFACE54C1A6}"
EndProject
Project("{FAE04EC0-301F-11D3-BF4B-00C04F79EFBC}") = "CommonAsyncComponent", "CommonAsyncComponent\CommonAsyncComponent\CommonAsyncComponent.csproj", "{7E773892-636E-49BA-B627-AE01DD055ECF}"
EndProject
Global
	GlobalSection(SolutionConfigurationPlatforms) = preSolution
		Debug|Any CPU = Debug|Any CPU
		Debug|x86 = Debug|x86
		Release|Any CPU = Release|Any CPU
		Release|x86 = Release|x86
	EndGlobalSection
	GlobalSection(ProjectConfigurationPlatforms) = postSolution
		{5DE6280D-9E7D-4D4F-A041-04983258CA0F}.Debug|Any CPU.ActiveCfg = Debug|Any CPU
		{5DE6280D-9E7D-4D4F-A041-04983258CA0F}.Debug|Any CPU.Build.0 = Debug|Any CPU
		{5DE6280D-9E7D-4D4F-A041-04983258CA0F}.Debug|x86.ActiveCfg = Debug|Any CPU
		{5DE6280D-9E7D-4D4F-A041-04983258CA0F}.Debug|x86.Build.0 = Debug|Any CPU
		{5DE6280D-9E7D-4D4F-A041-04983258CA0F}.Release|Any CPU.ActiveCfg = Release|Any CPU
		{5DE6280D-9E7D-4D4F-A041-04983258CA0F}.Release|Any CPU.Build.0 = Release|Any CPU
		{5DE6280D-9E7D-4D4F-A041-04983258CA0F}.Release|x86.ActiveCfg = Release|Any CPU
		{5DE6280D-9E7D-4D4F-A041-04983258CA0F}.Release|x86.Build.0 = Release|Any CPU
		{C8642867-9E2D-4E83-A06E-D24AA25A56C2}.Debug|Any CPU.ActiveCfg = Debug|Any CPU
		{C8642867-9E2D-4E83-A06E-D24AA25A56C2}.Debug|Any CPU.Build.0 = Debug|Any CPU
		{C8642867-9E2D-4E83-A06E-D24AA25A56C2}.Debug|x86.ActiveCfg = Debug|Any CPU
		{C8642867-9E2D-4E83-A06E-D24AA25A56C2}.Debug|x86.Build.0 = Debug|Any CPU
		{C8642867-9E2D-4E83-A06E-D24AA25A56C2}.Release|Any CPU.ActiveCfg = Release|Any CPU
		{C8642867-9E2D-4E83-A06E-D24AA25A56C2}.Release|Any CPU.Build.0 = Release|Any CPU
		{C8642867-9E2D-4E83-A06E-D24AA25A56C2}.Release|x86.ActiveCfg = Release|Any CPU
		{C8642867-9E2D-4E83-A06E-D24AA25A56C2}.Release|x86.Build.0 = Release|Any CPU
		{2917F3D8-289D-4C94-9C20-2BFC4AF55D18}.Debug|Any CPU.ActiveCfg = Debug|Any CPU
		{2917F3D8-289D-4C94-9C20-2BFC4AF55D18}.Debug|Any CPU.Build.0 = Debug|Any CPU
		{2917F3D8-289D-4C94-9C20-2BFC4AF55D18}.Debug|x86.ActiveCfg = Debug|Any CPU
		{2917F3D8-289D-4C94-9C20-2BFC4AF55D18}.Debug|x86.Build.0 = Debug|Any CPU
		{2917F3D8-289D-4C94-9C20-2BFC4AF55D18}.Release|Any CPU.ActiveCfg = Release|Any CPU
		{2917F3D8-289D-4C94-9C20-2BFC4AF55D18}.Release|Any CPU.Build.0 = Release|Any CPU
		{2917F3D8-289D-4C94-9C20-2BFC4AF55D18}.Release|x86.ActiveCfg = Release|Any CPU
		{2917F3D8-289D-4C94-9C20-2BFC4AF55D18}.Release|x86.Build.0 = Release|Any CPU
		{F46EBADC-2E52-4984-B475-50C0305D8F25}.Debug|Any CPU.ActiveCfg = Debug|Any CPU
		{F46EBADC-2E52-4984-B475-50C0305D8F25}.Debug|Any CPU.Build.0 = Debug|Any CPU
		{F46EBADC-2E52-4984-B475-50C0305D8F25}.Debug|x86.ActiveCfg = Debug|Any CPU
		{F46EBADC-2E52-4984-B475-50C0305D8F25}.Debug|x86.Build.0 = Debug|Any CPU
		{F46EBADC-2E52-4984-B475-50C0305D8F25}.Release|Any CPU.ActiveCfg = Release|Any CPU
		{F46EBADC-2E52-4984-B475-50C0305D8F25}.Release|Any CPU.Build.0 = Release|Any CPU
		{F46EBADC-2E52-4984-B475-50C0305D8F25}.Release|x86.ActiveCfg = Release|Any CPU
		{F46EBADC-2E52-4984-B475-50C0305D8F25}.Release|x86.Build.0 = Release|Any CPU
		{DDDFE3AA-121E-4940-A3E4-B9FCE9AFA601}.Debug|Any CPU.ActiveCfg = Debug|Any CPU
		{DDDFE3AA-121E-4940-A3E4-B9FCE9AFA601}.Debug|Any CPU.Build.0 = Debug|Any CPU
		{DDDFE3AA-121E-4940-A3E4-B9FCE9AFA601}.Debug|x86.ActiveCfg = Debug|Any CPU
		{DDDFE3AA-121E-4940-A3E4-B9FCE9AFA601}.Debug|x86.Build.0 = Debug|Any CPU
		{DDDFE3AA-121E-4940-A3E4-B9FCE9AFA601}.Release|Any CPU.ActiveCfg = Release|Any CPU
		{DDDFE3AA-121E-4940-A3E4-B9FCE9AFA601}.Release|Any CPU.Build.0 = Release|Any CPU
		{DDDFE3AA-121E-4940-A3E4-B9FCE9AFA601}.Release|x86.ActiveCfg = Release|Any CPU
		{DDDFE3AA-121E-4940-A3E4-B9FCE9AFA601}.Release|x86.Build.0 = Release|Any CPU
		{4BD7F226-66DE-4F92-A71C-BD837A7B4F0E}.Debug|Any CPU.ActiveCfg = Debug|Any CPU
		{4BD7F226-66DE-4F92-A71C-BD837A7B4F0E}.Debug|Any CPU.Build.0 = Debug|Any CPU
		{4BD7F226-66DE-4F92-A71C-BD837A7B4F0E}.Debug|x86.ActiveCfg = Debug|Any CPU
		{4BD7F226-66DE-4F92-A71C-BD837A7B4F0E}.Debug|x86.Build.0 = Debug|Any CPU
		{4BD7F226-66DE-4F92-A71C-BD837A7B4F0E}.Release|Any CPU.ActiveCfg = Release|Any CPU
		{4BD7F226-66DE-4F92-A71C-BD837A7B4F0E}.Release|Any CPU.Build.0 = Release|Any CPU
		{4BD7F226-66DE-4F92-A71C-BD837A7B4F0E}.Release|x86.ActiveCfg = Release|Any CPU
		{4BD7F226-66DE-4F92-A71C-BD837A7B4F0E}.Release|x86.Build.0 = Release|Any CPU
		{A72E2166-392D-490D-943C-AAD304134E6A}.Debug|Any CPU.ActiveCfg = Debug|Any CPU
		{A72E2166-392D-490D-943C-AAD304134E6A}.Debug|Any CPU.Build.0 = Debug|Any CPU
		{A72E2166-392D-490D-943C-AAD304134E6A}.Debug|x86.ActiveCfg = Debug|Any CPU
		{A72E2166-392D-490D-943C-AAD304134E6A}.Debug|x86.Build.0 = Debug|Any CPU
		{A72E2166-392D-490D-943C-AAD304134E6A}.Release|Any CPU.ActiveCfg = Release|Any CPU
		{A72E2166-392D-490D-943C-AAD304134E6A}.Release|Any CPU.Build.0 = Release|Any CPU
		{A72E2166-392D-490D-943C-AAD304134E6A}.Release|x86.ActiveCfg = Release|Any CPU
		{A72E2166-392D-490D-943C-AAD304134E6A}.Release|x86.Build.0 = Release|Any CPU
		{F4BB7760-8EC6-49AD-924B-79EA168ED3F3}.Debug|Any CPU.ActiveCfg = Debug|Any CPU
		{F4BB7760-8EC6-49AD-924B-79EA168ED3F3}.Debug|Any CPU.Build.0 = Debug|Any CPU
		{F4BB7760-8EC6-49AD-924B-79EA168ED3F3}.Debug|x86.ActiveCfg = Debug|Any CPU
		{F4BB7760-8EC6-49AD-924B-79EA168ED3F3}.Debug|x86.Build.0 = Debug|Any CPU
		{F4BB7760-8EC6-49AD-924B-79EA168ED3F3}.Release|Any CPU.ActiveCfg = Release|Any CPU
		{F4BB7760-8EC6-49AD-924B-79EA168ED3F3}.Release|Any CPU.Build.0 = Release|Any CPU
		{F4BB7760-8EC6-49AD-924B-79EA168ED3F3}.Release|x86.ActiveCfg = Release|Any CPU
		{F4BB7760-8EC6-49AD-924B-79EA168ED3F3}.Release|x86.Build.0 = Release|Any CPU
		{284FCC3F-A182-4220-874A-4D8F3BFA508D}.Debug|Any CPU.ActiveCfg = Debug|Any CPU
		{284FCC3F-A182-4220-874A-4D8F3BFA508D}.Debug|Any CPU.Build.0 = Debug|Any CPU
		{284FCC3F-A182-4220-874A-4D8F3BFA508D}.Debug|x86.ActiveCfg = Debug|Any CPU
		{284FCC3F-A182-4220-874A-4D8F3BFA508D}.Debug|x86.Build.0 = Debug|Any CPU
		{284FCC3F-A182-4220-874A-4D8F3BFA508D}.Release|Any CPU.ActiveCfg = Release|Any CPU
		{284FCC3F-A182-4220-874A-4D8F3BFA508D}.Release|Any CPU.Build.0 = Release|Any CPU
		{284FCC3F-A182-4220-874A-4D8F3BFA508D}.Release|x86.ActiveCfg = Release|Any CPU
		{284FCC3F-A182-4220-874A-4D8F3BFA508D}.Release|x86.Build.0 = Release|Any CPU
		{531EFC49-9FAB-4D4B-940B-837649D10DA4}.Debug|Any CPU.ActiveCfg = Debug|Any CPU
		{531EFC49-9FAB-4D4B-940B-837649D10DA4}.Debug|Any CPU.Build.0 = Debug|Any CPU
		{531EFC49-9FAB-4D4B-940B-837649D10DA4}.Debug|x86.ActiveCfg = Debug|Any CPU
		{531EFC49-9FAB-4D4B-940B-837649D10DA4}.Debug|x86.Build.0 = Debug|Any CPU
		{531EFC49-9FAB-4D4B-940B-837649D10DA4}.Release|Any CPU.ActiveCfg = Release|Any CPU
		{531EFC49-9FAB-4D4B-940B-837649D10DA4}.Release|Any CPU.Build.0 = Release|Any CPU
		{531EFC49-9FAB-4D4B-940B-837649D10DA4}.Release|x86.ActiveCfg = Release|Any CPU
		{531EFC49-9FAB-4D4B-940B-837649D10DA4}.Release|x86.Build.0 = Release|Any CPU
		{850812EC-FDDA-431B-9114-A0F261B5AA07}.Debug|Any CPU.ActiveCfg = Debug|Any CPU
		{850812EC-FDDA-431B-9114-A0F261B5AA07}.Debug|Any CPU.Build.0 = Debug|Any CPU
		{850812EC-FDDA-431B-9114-A0F261B5AA07}.Debug|x86.ActiveCfg = Debug|Any CPU
		{850812EC-FDDA-431B-9114-A0F261B5AA07}.Debug|x86.Build.0 = Debug|Any CPU
		{850812EC-FDDA-431B-9114-A0F261B5AA07}.Release|Any CPU.ActiveCfg = Release|Any CPU
		{850812EC-FDDA-431B-9114-A0F261B5AA07}.Release|Any CPU.Build.0 = Release|Any CPU
		{850812EC-FDDA-431B-9114-A0F261B5AA07}.Release|x86.ActiveCfg = Release|Any CPU
		{850812EC-FDDA-431B-9114-A0F261B5AA07}.Release|x86.Build.0 = Release|Any CPU
		{C083FCE9-6431-4E65-99F9-84D535BAF425}.Debug|Any CPU.ActiveCfg = Debug|Any CPU
		{C083FCE9-6431-4E65-99F9-84D535BAF425}.Debug|Any CPU.Build.0 = Debug|Any CPU
		{C083FCE9-6431-4E65-99F9-84D535BAF425}.Debug|x86.ActiveCfg = Debug|Any CPU
		{C083FCE9-6431-4E65-99F9-84D535BAF425}.Debug|x86.Build.0 = Debug|Any CPU
		{C083FCE9-6431-4E65-99F9-84D535BAF425}.Release|Any CPU.ActiveCfg = Release|Any CPU
		{C083FCE9-6431-4E65-99F9-84D535BAF425}.Release|Any CPU.Build.0 = Release|Any CPU
		{C083FCE9-6431-4E65-99F9-84D535BAF425}.Release|x86.ActiveCfg = Release|Any CPU
		{C083FCE9-6431-4E65-99F9-84D535BAF425}.Release|x86.Build.0 = Release|Any CPU
		{7D8CA88A-DE22-419B-BE0D-FCEBDE41354A}.Debug|Any CPU.ActiveCfg = Debug|Any CPU
		{7D8CA88A-DE22-419B-BE0D-FCEBDE41354A}.Debug|Any CPU.Build.0 = Debug|Any CPU
		{7D8CA88A-DE22-419B-BE0D-FCEBDE41354A}.Debug|x86.ActiveCfg = Debug|Any CPU
		{7D8CA88A-DE22-419B-BE0D-FCEBDE41354A}.Debug|x86.Build.0 = Debug|Any CPU
		{7D8CA88A-DE22-419B-BE0D-FCEBDE41354A}.Release|Any CPU.ActiveCfg = Release|Any CPU
		{7D8CA88A-DE22-419B-BE0D-FCEBDE41354A}.Release|Any CPU.Build.0 = Release|Any CPU
		{7D8CA88A-DE22-419B-BE0D-FCEBDE41354A}.Release|x86.ActiveCfg = Release|Any CPU
		{7D8CA88A-DE22-419B-BE0D-FCEBDE41354A}.Release|x86.Build.0 = Release|Any CPU
		{646A15C2-425C-4C9D-80A2-C70B4CA6DD9A}.Debug|Any CPU.ActiveCfg = Debug|Any CPU
		{646A15C2-425C-4C9D-80A2-C70B4CA6DD9A}.Debug|Any CPU.Build.0 = Debug|Any CPU
		{646A15C2-425C-4C9D-80A2-C70B4CA6DD9A}.Debug|x86.ActiveCfg = Debug|Any CPU
		{646A15C2-425C-4C9D-80A2-C70B4CA6DD9A}.Debug|x86.Build.0 = Debug|Any CPU
		{646A15C2-425C-4C9D-80A2-C70B4CA6DD9A}.Release|Any CPU.ActiveCfg = Release|Any CPU
		{646A15C2-425C-4C9D-80A2-C70B4CA6DD9A}.Release|Any CPU.Build.0 = Release|Any CPU
		{646A15C2-425C-4C9D-80A2-C70B4CA6DD9A}.Release|x86.ActiveCfg = Release|Any CPU
		{646A15C2-425C-4C9D-80A2-C70B4CA6DD9A}.Release|x86.Build.0 = Release|Any CPU
		{3F778799-E42E-426E-8A62-EDAABD49CC75}.Debug|Any CPU.ActiveCfg = Debug|Any CPU
		{3F778799-E42E-426E-8A62-EDAABD49CC75}.Debug|Any CPU.Build.0 = Debug|Any CPU
		{3F778799-E42E-426E-8A62-EDAABD49CC75}.Debug|x86.ActiveCfg = Debug|Any CPU
		{3F778799-E42E-426E-8A62-EDAABD49CC75}.Debug|x86.Build.0 = Debug|Any CPU
		{3F778799-E42E-426E-8A62-EDAABD49CC75}.Release|Any CPU.ActiveCfg = Release|Any CPU
		{3F778799-E42E-426E-8A62-EDAABD49CC75}.Release|Any CPU.Build.0 = Release|Any CPU
		{3F778799-E42E-426E-8A62-EDAABD49CC75}.Release|x86.ActiveCfg = Release|Any CPU
		{3F778799-E42E-426E-8A62-EDAABD49CC75}.Release|x86.Build.0 = Release|Any CPU
		{96084159-B516-4F3B-BE03-C8101602220C}.Debug|Any CPU.ActiveCfg = Debug|Any CPU
		{96084159-B516-4F3B-BE03-C8101602220C}.Debug|Any CPU.Build.0 = Debug|Any CPU
		{96084159-B516-4F3B-BE03-C8101602220C}.Debug|x86.ActiveCfg = Debug|Any CPU
		{96084159-B516-4F3B-BE03-C8101602220C}.Debug|x86.Build.0 = Debug|Any CPU
		{96084159-B516-4F3B-BE03-C8101602220C}.Release|Any CPU.ActiveCfg = Release|Any CPU
		{96084159-B516-4F3B-BE03-C8101602220C}.Release|Any CPU.Build.0 = Release|Any CPU
		{96084159-B516-4F3B-BE03-C8101602220C}.Release|x86.ActiveCfg = Release|Any CPU
		{96084159-B516-4F3B-BE03-C8101602220C}.Release|x86.Build.0 = Release|Any CPU
		{9E191254-48E3-4199-8C15-646365E13708}.Debug|Any CPU.ActiveCfg = Debug|Any CPU
		{9E191254-48E3-4199-8C15-646365E13708}.Debug|Any CPU.Build.0 = Debug|Any CPU
		{9E191254-48E3-4199-8C15-646365E13708}.Debug|x86.ActiveCfg = Debug|Any CPU
		{9E191254-48E3-4199-8C15-646365E13708}.Debug|x86.Build.0 = Debug|Any CPU
		{9E191254-48E3-4199-8C15-646365E13708}.Release|Any CPU.ActiveCfg = Release|Any CPU
		{9E191254-48E3-4199-8C15-646365E13708}.Release|Any CPU.Build.0 = Release|Any CPU
		{9E191254-48E3-4199-8C15-646365E13708}.Release|x86.ActiveCfg = Release|Any CPU
		{9E191254-48E3-4199-8C15-646365E13708}.Release|x86.Build.0 = Release|Any CPU
		{A2C991FA-D3CA-458F-8783-1B11F82516BF}.Debug|Any CPU.ActiveCfg = Debug|Any CPU
		{A2C991FA-D3CA-458F-8783-1B11F82516BF}.Debug|Any CPU.Build.0 = Debug|Any CPU
		{A2C991FA-D3CA-458F-8783-1B11F82516BF}.Debug|x86.ActiveCfg = Debug|Any CPU
		{A2C991FA-D3CA-458F-8783-1B11F82516BF}.Debug|x86.Build.0 = Debug|Any CPU
		{A2C991FA-D3CA-458F-8783-1B11F82516BF}.Release|Any CPU.ActiveCfg = Release|Any CPU
		{A2C991FA-D3CA-458F-8783-1B11F82516BF}.Release|Any CPU.Build.0 = Release|Any CPU
		{A2C991FA-D3CA-458F-8783-1B11F82516BF}.Release|x86.ActiveCfg = Release|Any CPU
		{A2C991FA-D3CA-458F-8783-1B11F82516BF}.Release|x86.Build.0 = Release|Any CPU
		{92312BC6-99A4-4A30-B598-68CDEA7D3570}.Debug|Any CPU.ActiveCfg = Debug|Any CPU
		{92312BC6-99A4-4A30-B598-68CDEA7D3570}.Debug|Any CPU.Build.0 = Debug|Any CPU
		{92312BC6-99A4-4A30-B598-68CDEA7D3570}.Debug|x86.ActiveCfg = Debug|Any CPU
		{92312BC6-99A4-4A30-B598-68CDEA7D3570}.Debug|x86.Build.0 = Debug|Any CPU
		{92312BC6-99A4-4A30-B598-68CDEA7D3570}.Release|Any CPU.ActiveCfg = Release|Any CPU
		{92312BC6-99A4-4A30-B598-68CDEA7D3570}.Release|Any CPU.Build.0 = Release|Any CPU
		{92312BC6-99A4-4A30-B598-68CDEA7D3570}.Release|x86.ActiveCfg = Release|Any CPU
		{92312BC6-99A4-4A30-B598-68CDEA7D3570}.Release|x86.Build.0 = Release|Any CPU
		{301DDA46-C003-4DAD-95EF-820158A47F6E}.Debug|Any CPU.ActiveCfg = Debug|Any CPU
		{301DDA46-C003-4DAD-95EF-820158A47F6E}.Debug|Any CPU.Build.0 = Debug|Any CPU
		{301DDA46-C003-4DAD-95EF-820158A47F6E}.Debug|x86.ActiveCfg = Debug|Any CPU
		{301DDA46-C003-4DAD-95EF-820158A47F6E}.Debug|x86.Build.0 = Debug|Any CPU
		{301DDA46-C003-4DAD-95EF-820158A47F6E}.Release|Any CPU.ActiveCfg = Release|Any CPU
		{301DDA46-C003-4DAD-95EF-820158A47F6E}.Release|Any CPU.Build.0 = Release|Any CPU
		{301DDA46-C003-4DAD-95EF-820158A47F6E}.Release|x86.ActiveCfg = Release|Any CPU
		{301DDA46-C003-4DAD-95EF-820158A47F6E}.Release|x86.Build.0 = Release|Any CPU
		{4E7E9C73-E470-4D0F-80AE-BC426324B5B2}.Debug|Any CPU.ActiveCfg = Debug|Any CPU
		{4E7E9C73-E470-4D0F-80AE-BC426324B5B2}.Debug|Any CPU.Build.0 = Debug|Any CPU
		{4E7E9C73-E470-4D0F-80AE-BC426324B5B2}.Debug|x86.ActiveCfg = Debug|Any CPU
		{4E7E9C73-E470-4D0F-80AE-BC426324B5B2}.Debug|x86.Build.0 = Debug|Any CPU
		{4E7E9C73-E470-4D0F-80AE-BC426324B5B2}.Release|Any CPU.ActiveCfg = Release|Any CPU
		{4E7E9C73-E470-4D0F-80AE-BC426324B5B2}.Release|Any CPU.Build.0 = Release|Any CPU
		{4E7E9C73-E470-4D0F-80AE-BC426324B5B2}.Release|x86.ActiveCfg = Release|Any CPU
		{4E7E9C73-E470-4D0F-80AE-BC426324B5B2}.Release|x86.Build.0 = Release|Any CPU
		{76DE0522-B998-4DDB-9B65-71B2833DE1AE}.Debug|Any CPU.ActiveCfg = Debug|Any CPU
		{76DE0522-B998-4DDB-9B65-71B2833DE1AE}.Debug|Any CPU.Build.0 = Debug|Any CPU
		{76DE0522-B998-4DDB-9B65-71B2833DE1AE}.Debug|x86.ActiveCfg = Debug|Any CPU
		{76DE0522-B998-4DDB-9B65-71B2833DE1AE}.Debug|x86.Build.0 = Debug|Any CPU
		{76DE0522-B998-4DDB-9B65-71B2833DE1AE}.Release|Any CPU.ActiveCfg = Release|Any CPU
		{76DE0522-B998-4DDB-9B65-71B2833DE1AE}.Release|Any CPU.Build.0 = Release|Any CPU
		{76DE0522-B998-4DDB-9B65-71B2833DE1AE}.Release|x86.ActiveCfg = Release|Any CPU
		{76DE0522-B998-4DDB-9B65-71B2833DE1AE}.Release|x86.Build.0 = Release|Any CPU
		{C23498CB-C451-4C4E-8E18-A6C65C8AE1F8}.Debug|Any CPU.ActiveCfg = Debug|Any CPU
		{C23498CB-C451-4C4E-8E18-A6C65C8AE1F8}.Debug|Any CPU.Build.0 = Debug|Any CPU
		{C23498CB-C451-4C4E-8E18-A6C65C8AE1F8}.Debug|x86.ActiveCfg = Debug|Any CPU
		{C23498CB-C451-4C4E-8E18-A6C65C8AE1F8}.Debug|x86.Build.0 = Debug|Any CPU
		{C23498CB-C451-4C4E-8E18-A6C65C8AE1F8}.Release|Any CPU.ActiveCfg = Release|Any CPU
		{C23498CB-C451-4C4E-8E18-A6C65C8AE1F8}.Release|Any CPU.Build.0 = Release|Any CPU
		{C23498CB-C451-4C4E-8E18-A6C65C8AE1F8}.Release|x86.ActiveCfg = Release|Any CPU
		{C23498CB-C451-4C4E-8E18-A6C65C8AE1F8}.Release|x86.Build.0 = Release|Any CPU
		{E2550154-7531-4FDF-AE92-483FC9505FE0}.Debug|Any CPU.ActiveCfg = Debug|Any CPU
		{E2550154-7531-4FDF-AE92-483FC9505FE0}.Debug|Any CPU.Build.0 = Debug|Any CPU
		{E2550154-7531-4FDF-AE92-483FC9505FE0}.Debug|x86.ActiveCfg = Debug|Any CPU
		{E2550154-7531-4FDF-AE92-483FC9505FE0}.Debug|x86.Build.0 = Debug|Any CPU
		{E2550154-7531-4FDF-AE92-483FC9505FE0}.Release|Any CPU.ActiveCfg = Release|Any CPU
		{E2550154-7531-4FDF-AE92-483FC9505FE0}.Release|Any CPU.Build.0 = Release|Any CPU
		{E2550154-7531-4FDF-AE92-483FC9505FE0}.Release|x86.ActiveCfg = Release|Any CPU
		{E2550154-7531-4FDF-AE92-483FC9505FE0}.Release|x86.Build.0 = Release|Any CPU
		{2B176726-A9C0-440D-AF48-DE4F668A5CA2}.Debug|Any CPU.ActiveCfg = Debug|Any CPU
		{2B176726-A9C0-440D-AF48-DE4F668A5CA2}.Debug|Any CPU.Build.0 = Debug|Any CPU
		{2B176726-A9C0-440D-AF48-DE4F668A5CA2}.Debug|x86.ActiveCfg = Debug|Any CPU
		{2B176726-A9C0-440D-AF48-DE4F668A5CA2}.Debug|x86.Build.0 = Debug|Any CPU
		{2B176726-A9C0-440D-AF48-DE4F668A5CA2}.Release|Any CPU.ActiveCfg = Release|Any CPU
		{2B176726-A9C0-440D-AF48-DE4F668A5CA2}.Release|Any CPU.Build.0 = Release|Any CPU
		{2B176726-A9C0-440D-AF48-DE4F668A5CA2}.Release|x86.ActiveCfg = Release|Any CPU
		{2B176726-A9C0-440D-AF48-DE4F668A5CA2}.Release|x86.Build.0 = Release|Any CPU
		{A134B442-1AB1-4122-800E-35D18C37E699}.Debug|Any CPU.ActiveCfg = Debug|x86
		{A134B442-1AB1-4122-800E-35D18C37E699}.Debug|x86.ActiveCfg = Debug|x86
		{A134B442-1AB1-4122-800E-35D18C37E699}.Debug|x86.Build.0 = Debug|x86
		{A134B442-1AB1-4122-800E-35D18C37E699}.Release|Any CPU.ActiveCfg = Release|x86
		{A134B442-1AB1-4122-800E-35D18C37E699}.Release|x86.ActiveCfg = Release|x86
		{A134B442-1AB1-4122-800E-35D18C37E699}.Release|x86.Build.0 = Release|x86
		{044E646C-A099-4015-B8E9-1DFACE54C1A6}.Debug|Any CPU.ActiveCfg = Debug|Any CPU
		{044E646C-A099-4015-B8E9-1DFACE54C1A6}.Debug|Any CPU.Build.0 = Debug|Any CPU
		{044E646C-A099-4015-B8E9-1DFACE54C1A6}.Debug|x86.ActiveCfg = Debug|Any CPU
		{044E646C-A099-4015-B8E9-1DFACE54C1A6}.Debug|x86.Build.0 = Debug|Any CPU
		{044E646C-A099-4015-B8E9-1DFACE54C1A6}.Release|Any CPU.ActiveCfg = Release|Any CPU
		{044E646C-A099-4015-B8E9-1DFACE54C1A6}.Release|Any CPU.Build.0 = Release|Any CPU
		{044E646C-A099-4015-B8E9-1DFACE54C1A6}.Release|x86.ActiveCfg = Release|Any CPU
		{044E646C-A099-4015-B8E9-1DFACE54C1A6}.Release|x86.Build.0 = Release|Any CPU
		{7E773892-636E-49BA-B627-AE01DD055ECF}.Debug|Any CPU.ActiveCfg = Debug|x86
		{7E773892-636E-49BA-B627-AE01DD055ECF}.Debug|x86.ActiveCfg = Debug|x86
		{7E773892-636E-49BA-B627-AE01DD055ECF}.Debug|x86.Build.0 = Debug|x86
		{7E773892-636E-49BA-B627-AE01DD055ECF}.Release|Any CPU.ActiveCfg = Release|x86
		{7E773892-636E-49BA-B627-AE01DD055ECF}.Release|x86.ActiveCfg = Release|x86
		{7E773892-636E-49BA-B627-AE01DD055ECF}.Release|x86.Build.0 = Release|x86
	EndGlobalSection
	GlobalSection(SolutionProperties) = preSolution
		HideSolutionNode = FALSE
	EndGlobalSection
	GlobalSection(NestedProjects) = preSolution
		{5DE6280D-9E7D-4D4F-A041-04983258CA0F} = {C6E41B95-0D2A-4914-89AC-CC010F482177}
		{C8642867-9E2D-4E83-A06E-D24AA25A56C2} = {C6E41B95-0D2A-4914-89AC-CC010F482177}
		{2917F3D8-289D-4C94-9C20-2BFC4AF55D18} = {C6E41B95-0D2A-4914-89AC-CC010F482177}
		{F46EBADC-2E52-4984-B475-50C0305D8F25} = {C6E41B95-0D2A-4914-89AC-CC010F482177}
		{DDDFE3AA-121E-4940-A3E4-B9FCE9AFA601} = {C845BC98-45A7-4226-9E62-505F8DD39F41}
		{4BD7F226-66DE-4F92-A71C-BD837A7B4F0E} = {C6CEEA41-D415-47AC-A5FA-20D68213E3A8}
		{A72E2166-392D-490D-943C-AAD304134E6A} = {C6CEEA41-D415-47AC-A5FA-20D68213E3A8}
		{F4BB7760-8EC6-49AD-924B-79EA168ED3F3} = {A9BC054F-F25E-4DF8-B221-A76E34D02F59}
		{284FCC3F-A182-4220-874A-4D8F3BFA508D} = {48464745-1FA9-4CFF-B41B-48BDC2A6AD5F}
		{531EFC49-9FAB-4D4B-940B-837649D10DA4} = {7C7B42CA-A918-4BE0-BDDD-D0EF29CFE403}
		{850812EC-FDDA-431B-9114-A0F261B5AA07} = {7C7B42CA-A918-4BE0-BDDD-D0EF29CFE403}
		{C083FCE9-6431-4E65-99F9-84D535BAF425} = {7C7B42CA-A918-4BE0-BDDD-D0EF29CFE403}
		{7D8CA88A-DE22-419B-BE0D-FCEBDE41354A} = {B34292DD-EB6D-48DB-907F-905E00C0212D}
		{646A15C2-425C-4C9D-80A2-C70B4CA6DD9A} = {9E04EB9D-535D-4147-B2F6-B1C0E2963BC9}
		{3F778799-E42E-426E-8A62-EDAABD49CC75} = {9E04EB9D-535D-4147-B2F6-B1C0E2963BC9}
		{96084159-B516-4F3B-BE03-C8101602220C} = {9E04EB9D-535D-4147-B2F6-B1C0E2963BC9}
		{5E9A7A9F-4097-441E-BE17-491D2D5495C2} = {9E04EB9D-535D-4147-B2F6-B1C0E2963BC9}
		{9E191254-48E3-4199-8C15-646365E13708} = {5E9A7A9F-4097-441E-BE17-491D2D5495C2}
		{A2C991FA-D3CA-458F-8783-1B11F82516BF} = {5E9A7A9F-4097-441E-BE17-491D2D5495C2}
		{92312BC6-99A4-4A30-B598-68CDEA7D3570} = {5E9A7A9F-4097-441E-BE17-491D2D5495C2}
		{301DDA46-C003-4DAD-95EF-820158A47F6E} = {5E9A7A9F-4097-441E-BE17-491D2D5495C2}
		{4E7E9C73-E470-4D0F-80AE-BC426324B5B2} = {02C56B5D-88C6-4E04-A4EC-7C070810AF44}
		{76DE0522-B998-4DDB-9B65-71B2833DE1AE} = {8A968626-7124-477C-8839-9EBD7FAD7932}
		{C23498CB-C451-4C4E-8E18-A6C65C8AE1F8} = {8A968626-7124-477C-8839-9EBD7FAD7932}
		{E2550154-7531-4FDF-AE92-483FC9505FE0} = {F1BB1A13-AD85-4E71-814B-5E44F2B4B7CC}
		{02C56B5D-88C6-4E04-A4EC-7C070810AF44} = {F1BB1A13-AD85-4E71-814B-5E44F2B4B7CC}
		{8A968626-7124-477C-8839-9EBD7FAD7932} = {F1BB1A13-AD85-4E71-814B-5E44F2B4B7CC}
		{2B176726-A9C0-440D-AF48-DE4F668A5CA2} = {C8E6F116-FC0B-4150-8C14-182E4C160EB2}
		{A134B442-1AB1-4122-800E-35D18C37E699} = {C5152AFD-D243-48B7-89D3-F0632ACCD2B6}
		{044E646C-A099-4015-B8E9-1DFACE54C1A6} = {C5152AFD-D243-48B7-89D3-F0632ACCD2B6}
		{7E773892-636E-49BA-B627-AE01DD055ECF} = {C5152AFD-D243-48B7-89D3-F0632ACCD2B6}
	EndGlobalSection
EndGlobal
