
Microsoft Visual Studio Solution File, Format Version 11.00
# Visual Studio 2010
Project("{FAE04EC0-301F-11D3-BF4B-00C04F79EFBC}") = "CommonAsyncComponent", "CommonAsyncComponent\CommonAsyncComponent.csproj", "{7E773892-636E-49BA-B627-AE01DD055ECF}"
EndProject
Project("{FAE04EC0-301F-11D3-BF4B-00C04F79EFBC}") = "Sparkling.Component.Async", "Sparkling.Component.Async\Sparkling.Component.Async.csproj", "{044E646C-A099-4015-B8E9-1DFACE54C1A6}"
EndProject
Project("{FAE04EC0-301F-11D3-BF4B-00C04F79EFBC}") = "WindowsFormsApplication1", "WindowsFormsApplication1\WindowsFormsApplication1.csproj", "{A134B442-1AB1-4122-800E-35D18C37E699}"
EndProject
Global
	GlobalSection(SolutionConfigurationPlatforms) = preSolution
		Debug|Any CPU = Debug|Any CPU
		Debug|Mixed Platforms = Debug|Mixed Platforms
		Debug|x86 = Debug|x86
		Release|Any CPU = Release|Any CPU
		Release|Mixed Platforms = Release|Mixed Platforms
		Release|x86 = Release|x86
	EndGlobalSection
	GlobalSection(ProjectConfigurationPlatforms) = postSolution
		{7E773892-636E-49BA-B627-AE01DD055ECF}.Debug|Any CPU.ActiveCfg = Debug|x86
		{7E773892-636E-49BA-B627-AE01DD055ECF}.Debug|Mixed Platforms.ActiveCfg = Debug|x86
		{7E773892-636E-49BA-B627-AE01DD055ECF}.Debug|Mixed Platforms.Build.0 = Debug|x86
		{7E773892-636E-49BA-B627-AE01DD055ECF}.Debug|x86.ActiveCfg = Debug|x86
		{7E773892-636E-49BA-B627-AE01DD055ECF}.Debug|x86.Build.0 = Debug|x86
		{7E773892-636E-49BA-B627-AE01DD055ECF}.Release|Any CPU.ActiveCfg = Release|x86
		{7E773892-636E-49BA-B627-AE01DD055ECF}.Release|Mixed Platforms.ActiveCfg = Release|x86
		{7E773892-636E-49BA-B627-AE01DD055ECF}.Release|Mixed Platforms.Build.0 = Release|x86
		{7E773892-636E-49BA-B627-AE01DD055ECF}.Release|x86.ActiveCfg = Release|x86
		{7E773892-636E-49BA-B627-AE01DD055ECF}.Release|x86.Build.0 = Release|x86
		{044E646C-A099-4015-B8E9-1DFACE54C1A6}.Debug|Any CPU.ActiveCfg = Debug|Any CPU
		{044E646C-A099-4015-B8E9-1DFACE54C1A6}.Debug|Any CPU.Build.0 = Debug|Any CPU
		{044E646C-A099-4015-B8E9-1DFACE54C1A6}.Debug|Mixed Platforms.ActiveCfg = Debug|Any CPU
		{044E646C-A099-4015-B8E9-1DFACE54C1A6}.Debug|Mixed Platforms.Build.0 = Debug|Any CPU
		{044E646C-A099-4015-B8E9-1DFACE54C1A6}.Debug|x86.ActiveCfg = Debug|Any CPU
		{044E646C-A099-4015-B8E9-1DFACE54C1A6}.Release|Any CPU.ActiveCfg = Release|Any CPU
		{044E646C-A099-4015-B8E9-1DFACE54C1A6}.Release|Any CPU.Build.0 = Release|Any CPU
		{044E646C-A099-4015-B8E9-1DFACE54C1A6}.Release|Mixed Platforms.ActiveCfg = Release|Any CPU
		{044E646C-A099-4015-B8E9-1DFACE54C1A6}.Release|Mixed Platforms.Build.0 = Release|Any CPU
		{044E646C-A099-4015-B8E9-1DFACE54C1A6}.Release|x86.ActiveCfg = Release|Any CPU
		{A134B442-1AB1-4122-800E-35D18C37E699}.Debug|Any CPU.ActiveCfg = Debug|x86
		{A134B442-1AB1-4122-800E-35D18C37E699}.Debug|Mixed Platforms.ActiveCfg = Debug|x86
		{A134B442-1AB1-4122-800E-35D18C37E699}.Debug|Mixed Platforms.Build.0 = Debug|x86
		{A134B442-1AB1-4122-800E-35D18C37E699}.Debug|x86.ActiveCfg = Debug|x86
		{A134B442-1AB1-4122-800E-35D18C37E699}.Debug|x86.Build.0 = Debug|x86
		{A134B442-1AB1-4122-800E-35D18C37E699}.Release|Any CPU.ActiveCfg = Release|x86
		{A134B442-1AB1-4122-800E-35D18C37E699}.Release|Mixed Platforms.ActiveCfg = Release|x86
		{A134B442-1AB1-4122-800E-35D18C37E699}.Release|Mixed Platforms.Build.0 = Release|x86
		{A134B442-1AB1-4122-800E-35D18C37E699}.Release|x86.ActiveCfg = Release|x86
		{A134B442-1AB1-4122-800E-35D18C37E699}.Release|x86.Build.0 = Release|x86
	EndGlobalSection
	GlobalSection(SolutionProperties) = preSolution
		HideSolutionNode = FALSE
	EndGlobalSection
EndGlobal
